
Microsoft Visual Studio Solution File, Format Version 11.00
# Visual Studio 2010
Project("{FAE04EC0-301F-11D3-BF4B-00C04F79EFBC}") = "TestJenkins", "Assembly-CSharp.csproj", "{49999603-3B56-8D59-7D8A-8225A4C51B57}"
EndProject
Project("{FAE04EC0-301F-11D3-BF4B-00C04F79EFBC}") = "TestJenkins", "Assembly-CSharp-Editor.csproj", "{A7DA43F6-F6ED-8241-AD8A-D79CB179E8EE}"
EndProject
Project("{FAE04EC0-301F-11D3-BF4B-00C04F79EFBC}") = "TestJenkins", "Assembly-CSharp-Editor-firstpass.csproj", "{4529D6FE-00AB-70AB-6FE8-0BF995354CBF}"
EndProject
Global
	GlobalSection(SolutionConfigurationPlatforms) = preSolution
		Debug|Any CPU = Debug|Any CPU
		Release|Any CPU = Release|Any CPU
	EndGlobalSection
	GlobalSection(ProjectConfigurationPlatforms) = postSolution
		{49999603-3B56-8D59-7D8A-8225A4C51B57}.Debug|Any CPU.ActiveCfg = Debug|Any CPU
		{49999603-3B56-8D59-7D8A-8225A4C51B57}.Debug|Any CPU.Build.0 = Debug|Any CPU
		{49999603-3B56-8D59-7D8A-8225A4C51B57}.Release|Any CPU.ActiveCfg = Release|Any CPU
		{49999603-3B56-8D59-7D8A-8225A4C51B57}.Release|Any CPU.Build.0 = Release|Any CPU
		{A7DA43F6-F6ED-8241-AD8A-D79CB179E8EE}.Debug|Any CPU.ActiveCfg = Debug|Any CPU
		{A7DA43F6-F6ED-8241-AD8A-D79CB179E8EE}.Debug|Any CPU.Build.0 = Debug|Any CPU
		{A7DA43F6-F6ED-8241-AD8A-D79CB179E8EE}.Release|Any CPU.ActiveCfg = Release|Any CPU
		{A7DA43F6-F6ED-8241-AD8A-D79CB179E8EE}.Release|Any CPU.Build.0 = Release|Any CPU
		{4529D6FE-00AB-70AB-6FE8-0BF995354CBF}.Debug|Any CPU.ActiveCfg = Debug|Any CPU
		{4529D6FE-00AB-70AB-6FE8-0BF995354CBF}.Debug|Any CPU.Build.0 = Debug|Any CPU
		{4529D6FE-00AB-70AB-6FE8-0BF995354CBF}.Release|Any CPU.ActiveCfg = Release|Any CPU
		{4529D6FE-00AB-70AB-6FE8-0BF995354CBF}.Release|Any CPU.Build.0 = Release|Any CPU
	EndGlobalSection
	GlobalSection(SolutionProperties) = preSolution
		HideSolutionNode = FALSE
	EndGlobalSection
	GlobalSection(MonoDevelopProperties) = preSolution
		StartupItem = Assembly-CSharp.csproj
	EndGlobalSection
EndGlobal
